
Microsoft Visual Studio Solution File, Format Version 12.00
# Visual Studio Version 17
VisualStudioVersion = 17.8.34408.163
MinimumVisualStudioVersion = 10.0.40219.1
Project("{F184B08F-C81C-45F6-A57F-5ABD9991F28F}") = "LoanPaymentCalculatorApp", "LoanPaymentCalculatorApp\LoanPaymentCalculatorApp.vbproj", "{D1E8E7BC-3CA3-4082-A6A6-89D039441007}"
EndProject
Global
	GlobalSection(SolutionConfigurationPlatforms) = preSolution
		Debug|Any CPU = Debug|Any CPU
		Release|Any CPU = Release|Any CPU
	EndGlobalSection
	GlobalSection(ProjectConfigurationPlatforms) = postSolution
		{D1E8E7BC-3CA3-4082-A6A6-89D039441007}.Debug|Any CPU.ActiveCfg = Debug|Any CPU
		{D1E8E7BC-3CA3-4082-A6A6-89D039441007}.Debug|Any CPU.Build.0 = Debug|Any CPU
		{D1E8E7BC-3CA3-4082-A6A6-89D039441007}.Release|Any CPU.ActiveCfg = Release|Any CPU
		{D1E8E7BC-3CA3-4082-A6A6-89D039441007}.Release|Any CPU.Build.0 = Release|Any CPU
	EndGlobalSection
	GlobalSection(SolutionProperties) = preSolution
		HideSolutionNode = FALSE
	EndGlobalSection
	GlobalSection(ExtensibilityGlobals) = postSolution
		SolutionGuid = {3DC89335-F30D-45DF-B71E-40D1F61BA56A}
	EndGlobalSection
EndGlobal
